services:
  _defaults:
    autowire: true
    autoconfigure: true

  Adeliom\SyliusHappyCMSPlugin\Factory\Block\BlockCollection:
    autoconfigure: true
    public: true
    arguments:
      - !tagged sylius.happy_cms.block

  sylius.happy_cms.block_collection:
    alias: Adeliom\SyliusHappyCMSPlugin\Factory\Block\BlockCollection

  Adeliom\SyliusHappyCMSPlugin\Admin\Field\Configurator\FlexibleContentConfigurator:
    public: true
    arguments:
      - "@sylius.happy_cms.block_collection"
    tags:
      - 'easy.fields.configurator'

  Adeliom\SyliusHappyCMSPlugin\Twig\Block\BlockExtension:
    public: true
    tags:
      - { name: twig.extension }

  sylius.happy_cms.block.twig_extension:
    alias: Adeliom\SyliusHappyCMSPlugin\Twig\Block\BlockExtension

  Adeliom\SyliusHappyCMSPlugin\Factory\Block\Helper:
    public: true
    arguments:
      - '@twig'
      - '@event_dispatcher'
      - '@sylius.happy_cms.block_collection'
      - '@form.factory'
      - '@doctrine.orm.entity_manager'
    tags:
      - { name: twig.runtime }

  sylius.happy_cms.block_helper:
    alias: Adeliom\SyliusHappyCMSPlugin\Factory\Block\Helper

  Adeliom\SyliusHappyCMSPlugin\DataCollector\Block\BlockCollector:
    arguments:
      - "@sylius.happy_cms.block_helper"
    tags:
      - name: data_collector
        template: '@SyliusHappyCMSPlugin/profiler/block/collector.html.twig'
        id: Adeliom\SyliusHappyCMSPlugin\DataCollector\Block\BlockCollector


  # shared block

  Adeliom\SyliusHappyCMSPlugin\Factory\SharedBlock\SharedBlockCollection:
    autoconfigure: true
    public: true
    arguments:
      - !tagged sylius.happy_cms.shared_block

  sylius.happy_cms.shared_block.block_collection:
    alias: Adeliom\SyliusHappyCMSPlugin\Factory\SharedBlock\SharedBlockCollection

  Adeliom\SyliusHappyCMSPlugin\Twig\SharedBlock\SharedBlockExtension:
    public: true
    tags:
      - { name: twig.extension }

  sylius.happy_cms.shared_block.twig_extension:
    alias: Adeliom\SyliusHappyCMSPlugin\Twig\SharedBlock\SharedBlockExtension

  sylius.happy_cms.shared_block.shared_block_type:
    class: Adeliom\SyliusHappyCMSPlugin\SharedBlock\SharedBlockType
    public: true
    arguments:
      - '@doctrine.orm.entity_manager'
      - '@translator'
      - '@form.factory'
    tags: [ 'sylius.happy_cms.block', 'form.type' ]

  Adeliom\SyliusHappyCMSPlugin\Factory\SharedBlock\Helper:
    public: true
    arguments:
      - '@twig'
      - '@event_dispatcher'
      - '@sylius.happy_cms.shared_block.block_collection'
      - '@doctrine.orm.entity_manager'
      - '%sylius_happy_cms.shared_block.shared_block_model%'
      - '@form.factory'
    tags:
      - { name: twig.runtime }

  sylius.happy_cms.shared_block.block_helper:
    alias: Adeliom\SyliusHappyCMSPlugin\Factory\SharedBlock\Helper

  Adeliom\SyliusHappyCMSPlugin\DataCollector\SharedBlock\SharedBlockCollector:
    arguments:
      - "@sylius.happy_cms.shared_block.block_helper"
    tags:
      - name: data_collector
        template: '@SyliusHappyCMSPlugin/profiler/shared_block/collector.html.twig'
        id: Adeliom\SyliusHappyCMSPlugin\DataCollector\SharedBlock\SharedBlockCollector

  Adeliom\SyliusHappyCMSPlugin\Controller\SharedBlock\SharedBlockController:
    arguments:
      - "@twig"
      - "@sylius.happy_cms.shared_block.block_collection"
    tags:
      - controller.service_arguments
      - container.service_subscriber
